
Microsoft Visual Studio Solution File, Format Version 12.00
# Visual Studio 14
VisualStudioVersion = 14.0.25420.1
MinimumVisualStudioVersion = 10.0.40219.1
Project("{FAE04EC0-301F-11D3-BF4B-00C04F79EFBC}") = "FNADroid", "FNADroid\FNADroid.csproj", "{23C11EB0-331E-49EB-B54E-385076CB97AE}"
EndProject
Project("{FAE04EC0-301F-11D3-BF4B-00C04F79EFBC}") = "SDL2Droid-CS-JBindings", "SDL2Droid-CS\SDL2Droid-CS-JBindings\SDL2Droid-CS-JBindings.csproj", "{3A8963D1-351B-444B-B2FB-7207601C81DE}"
EndProject
Project("{FAE04EC0-301F-11D3-BF4B-00C04F79EFBC}") = "FNADroid-Lib", "FNADroid-Lib\FNADroid-Lib.csproj", "{FE2A1254-E34E-485F-AF4D-F9EF7B5601B5}"
EndProject
Project("{FAE04EC0-301F-11D3-BF4B-00C04F79EFBC}") = "FNA", "FNADroid-FNA\FNA.csproj", "{35253CE1-C864-4CD3-8249-4D1319748E8F}"
EndProject
Project("{FAE04EC0-301F-11D3-BF4B-00C04F79EFBC}") = "FNADroid-Browser", "..\FNADroid-Browser\FNADroid-Browser.csproj", "{34EB2130-C2D5-4AE8-B203-7C4B869A6CDC}"
EndProject
Global
	GlobalSection(SolutionConfigurationPlatforms) = preSolution
		Debug|Any CPU = Debug|Any CPU
		Debug|x64 = Debug|x64
		Debug|x86 = Debug|x86
		Release|Any CPU = Release|Any CPU
		Release|x64 = Release|x64
		Release|x86 = Release|x86
	EndGlobalSection
	GlobalSection(ProjectConfigurationPlatforms) = postSolution
		{23C11EB0-331E-49EB-B54E-385076CB97AE}.Debug|Any CPU.ActiveCfg = Debug|Any CPU
		{23C11EB0-331E-49EB-B54E-385076CB97AE}.Debug|Any CPU.Build.0 = Debug|Any CPU
		{23C11EB0-331E-49EB-B54E-385076CB97AE}.Debug|Any CPU.Deploy.0 = Debug|Any CPU
		{23C11EB0-331E-49EB-B54E-385076CB97AE}.Debug|x64.ActiveCfg = Debug|Any CPU
		{23C11EB0-331E-49EB-B54E-385076CB97AE}.Debug|x64.Build.0 = Debug|Any CPU
		{23C11EB0-331E-49EB-B54E-385076CB97AE}.Debug|x64.Deploy.0 = Debug|Any CPU
		{23C11EB0-331E-49EB-B54E-385076CB97AE}.Debug|x86.ActiveCfg = Debug|Any CPU
		{23C11EB0-331E-49EB-B54E-385076CB97AE}.Debug|x86.Build.0 = Debug|Any CPU
		{23C11EB0-331E-49EB-B54E-385076CB97AE}.Debug|x86.Deploy.0 = Debug|Any CPU
		{23C11EB0-331E-49EB-B54E-385076CB97AE}.Release|Any CPU.ActiveCfg = Release|Any CPU
		{23C11EB0-331E-49EB-B54E-385076CB97AE}.Release|Any CPU.Build.0 = Release|Any CPU
		{23C11EB0-331E-49EB-B54E-385076CB97AE}.Release|Any CPU.Deploy.0 = Release|Any CPU
		{23C11EB0-331E-49EB-B54E-385076CB97AE}.Release|x64.ActiveCfg = Release|Any CPU
		{23C11EB0-331E-49EB-B54E-385076CB97AE}.Release|x64.Build.0 = Release|Any CPU
		{23C11EB0-331E-49EB-B54E-385076CB97AE}.Release|x64.Deploy.0 = Release|Any CPU
		{23C11EB0-331E-49EB-B54E-385076CB97AE}.Release|x86.ActiveCfg = Release|Any CPU
		{23C11EB0-331E-49EB-B54E-385076CB97AE}.Release|x86.Build.0 = Release|Any CPU
		{23C11EB0-331E-49EB-B54E-385076CB97AE}.Release|x86.Deploy.0 = Release|Any CPU
		{3A8963D1-351B-444B-B2FB-7207601C81DE}.Debug|Any CPU.ActiveCfg = Debug|Any CPU
		{3A8963D1-351B-444B-B2FB-7207601C81DE}.Debug|Any CPU.Build.0 = Debug|Any CPU
		{3A8963D1-351B-444B-B2FB-7207601C81DE}.Debug|x64.ActiveCfg = Debug|Any CPU
		{3A8963D1-351B-444B-B2FB-7207601C81DE}.Debug|x64.Build.0 = Debug|Any CPU
		{3A8963D1-351B-444B-B2FB-7207601C81DE}.Debug|x86.ActiveCfg = Debug|Any CPU
		{3A8963D1-351B-444B-B2FB-7207601C81DE}.Debug|x86.Build.0 = Debug|Any CPU
		{3A8963D1-351B-444B-B2FB-7207601C81DE}.Release|Any CPU.ActiveCfg = Release|Any CPU
		{3A8963D1-351B-444B-B2FB-7207601C81DE}.Release|Any CPU.Build.0 = Release|Any CPU
		{3A8963D1-351B-444B-B2FB-7207601C81DE}.Release|x64.ActiveCfg = Release|Any CPU
		{3A8963D1-351B-444B-B2FB-7207601C81DE}.Release|x64.Build.0 = Release|Any CPU
		{3A8963D1-351B-444B-B2FB-7207601C81DE}.Release|x86.ActiveCfg = Release|Any CPU
		{3A8963D1-351B-444B-B2FB-7207601C81DE}.Release|x86.Build.0 = Release|Any CPU
		{FE2A1254-E34E-485F-AF4D-F9EF7B5601B5}.Debug|Any CPU.ActiveCfg = Debug|x86
		{FE2A1254-E34E-485F-AF4D-F9EF7B5601B5}.Debug|Any CPU.Build.0 = Debug|x86
		{FE2A1254-E34E-485F-AF4D-F9EF7B5601B5}.Debug|x64.ActiveCfg = Debug|x86
		{FE2A1254-E34E-485F-AF4D-F9EF7B5601B5}.Debug|x64.Build.0 = Debug|x86
		{FE2A1254-E34E-485F-AF4D-F9EF7B5601B5}.Debug|x86.ActiveCfg = Debug|x86
		{FE2A1254-E34E-485F-AF4D-F9EF7B5601B5}.Debug|x86.Build.0 = Debug|x86
		{FE2A1254-E34E-485F-AF4D-F9EF7B5601B5}.Release|Any CPU.ActiveCfg = Release|x86
		{FE2A1254-E34E-485F-AF4D-F9EF7B5601B5}.Release|Any CPU.Build.0 = Release|x86
		{FE2A1254-E34E-485F-AF4D-F9EF7B5601B5}.Release|x64.ActiveCfg = Release|x86
		{FE2A1254-E34E-485F-AF4D-F9EF7B5601B5}.Release|x64.Build.0 = Release|x86
		{FE2A1254-E34E-485F-AF4D-F9EF7B5601B5}.Release|x86.ActiveCfg = Release|x86
		{FE2A1254-E34E-485F-AF4D-F9EF7B5601B5}.Release|x86.Build.0 = Release|x86
		{35253CE1-C864-4CD3-8249-4D1319748E8F}.Debug|Any CPU.ActiveCfg = Debug|Any CPU
		{35253CE1-C864-4CD3-8249-4D1319748E8F}.Debug|Any CPU.Build.0 = Debug|Any CPU
		{35253CE1-C864-4CD3-8249-4D1319748E8F}.Debug|x64.ActiveCfg = Debug|x64
		{35253CE1-C864-4CD3-8249-4D1319748E8F}.Debug|x64.Build.0 = Debug|x64
		{35253CE1-C864-4CD3-8249-4D1319748E8F}.Debug|x86.ActiveCfg = Debug|x86
		{35253CE1-C864-4CD3-8249-4D1319748E8F}.Debug|x86.Build.0 = Debug|x86
		{35253CE1-C864-4CD3-8249-4D1319748E8F}.Release|Any CPU.ActiveCfg = Release|Any CPU
		{35253CE1-C864-4CD3-8249-4D1319748E8F}.Release|Any CPU.Build.0 = Release|Any CPU
		{35253CE1-C864-4CD3-8249-4D1319748E8F}.Release|x64.ActiveCfg = Release|x64
		{35253CE1-C864-4CD3-8249-4D1319748E8F}.Release|x64.Build.0 = Release|x64
		{35253CE1-C864-4CD3-8249-4D1319748E8F}.Release|x86.ActiveCfg = Release|x86
		{35253CE1-C864-4CD3-8249-4D1319748E8F}.Release|x86.Build.0 = Release|x86
		{34EB2130-C2D5-4AE8-B203-7C4B869A6CDC}.Debug|Any CPU.ActiveCfg = Debug|Any CPU
		{34EB2130-C2D5-4AE8-B203-7C4B869A6CDC}.Debug|Any CPU.Build.0 = Debug|Any CPU
		{34EB2130-C2D5-4AE8-B203-7C4B869A6CDC}.Debug|Any CPU.Deploy.0 = Debug|Any CPU
		{34EB2130-C2D5-4AE8-B203-7C4B869A6CDC}.Debug|x64.ActiveCfg = Debug|Any CPU
		{34EB2130-C2D5-4AE8-B203-7C4B869A6CDC}.Debug|x64.Build.0 = Debug|Any CPU
		{34EB2130-C2D5-4AE8-B203-7C4B869A6CDC}.Debug|x64.Deploy.0 = Debug|Any CPU
		{34EB2130-C2D5-4AE8-B203-7C4B869A6CDC}.Debug|x86.ActiveCfg = Debug|Any CPU
		{34EB2130-C2D5-4AE8-B203-7C4B869A6CDC}.Debug|x86.Build.0 = Debug|Any CPU
		{34EB2130-C2D5-4AE8-B203-7C4B869A6CDC}.Debug|x86.Deploy.0 = Debug|Any CPU
		{34EB2130-C2D5-4AE8-B203-7C4B869A6CDC}.Release|Any CPU.ActiveCfg = Release|Any CPU
		{34EB2130-C2D5-4AE8-B203-7C4B869A6CDC}.Release|Any CPU.Build.0 = Release|Any CPU
		{34EB2130-C2D5-4AE8-B203-7C4B869A6CDC}.Release|Any CPU.Deploy.0 = Release|Any CPU
		{34EB2130-C2D5-4AE8-B203-7C4B869A6CDC}.Release|x64.ActiveCfg = Release|Any CPU
		{34EB2130-C2D5-4AE8-B203-7C4B869A6CDC}.Release|x64.Build.0 = Release|Any CPU
		{34EB2130-C2D5-4AE8-B203-7C4B869A6CDC}.Release|x64.Deploy.0 = Release|Any CPU
		{34EB2130-C2D5-4AE8-B203-7C4B869A6CDC}.Release|x86.ActiveCfg = Release|Any CPU
		{34EB2130-C2D5-4AE8-B203-7C4B869A6CDC}.Release|x86.Build.0 = Release|Any CPU
		{34EB2130-C2D5-4AE8-B203-7C4B869A6CDC}.Release|x86.Deploy.0 = Release|Any CPU
	EndGlobalSection
	GlobalSection(SolutionProperties) = preSolution
		HideSolutionNode = FALSE
	EndGlobalSection
EndGlobal
